
Microsoft Visual Studio Solution File, Format Version 12.00
# Visual Studio Version 17
VisualStudioVersion = 17.3.32929.385
MinimumVisualStudioVersion = 10.0.40219.1
Project("{FAE04EC0-301F-11D3-BF4B-00C04F79EFBC}") = "ProjetLP", "ProjetLP.csproj", "{8A4E1EC5-DC73-41BE-9F39-6FEE39A20834}"
EndProject
Global
	GlobalSection(SolutionConfigurationPlatforms) = preSolution
		Debug|Any CPU = Debug|Any CPU
		Release|Any CPU = Release|Any CPU
	EndGlobalSection
	GlobalSection(ProjectConfigurationPlatforms) = postSolution
		{8A4E1EC5-DC73-41BE-9F39-6FEE39A20834}.Debug|Any CPU.ActiveCfg = Debug|Any CPU
		{8A4E1EC5-DC73-41BE-9F39-6FEE39A20834}.Debug|Any CPU.Build.0 = Debug|Any CPU
		{8A4E1EC5-DC73-41BE-9F39-6FEE39A20834}.Release|Any CPU.ActiveCfg = Release|Any CPU
		{8A4E1EC5-DC73-41BE-9F39-6FEE39A20834}.Release|Any CPU.Build.0 = Release|Any CPU
	EndGlobalSection
	GlobalSection(SolutionProperties) = preSolution
		HideSolutionNode = FALSE
	EndGlobalSection
	GlobalSection(ExtensibilityGlobals) = postSolution
		SolutionGuid = {68706424-0388-4389-AFEF-242A916794D7}
	EndGlobalSection
EndGlobal
